// !$*UTF8*$!
{
	archiveVersion = 1;
	classes = {
	};
	objectVersion = 46;
	objects = {

/* Begin PBXBuildFile section */
		280FC5161D8FA695007F7166 /* AppDelegate.swift in Sources */ = {isa = PBXBuildFile; fileRef = 280FC5151D8FA695007F7166 /* AppDelegate.swift */; };
		280FC5191D8FA695007F7166 /* PlayGround.xcdatamodeld in Sources */ = {isa = PBXBuildFile; fileRef = 280FC5171D8FA695007F7166 /* PlayGround.xcdatamodeld */; };
		280FC51B1D8FA695007F7166 /* ViewController.swift in Sources */ = {isa = PBXBuildFile; fileRef = 280FC51A1D8FA695007F7166 /* ViewController.swift */; };
		280FC51E1D8FA695007F7166 /* Main.storyboard in Resources */ = {isa = PBXBuildFile; fileRef = 280FC51C1D8FA695007F7166 /* Main.storyboard */; };
		280FC5201D8FA695007F7166 /* Images.xcassets in Resources */ = {isa = PBXBuildFile; fileRef = 280FC51F1D8FA695007F7166 /* Images.xcassets */; };
		280FC5231D8FA695007F7166 /* LaunchScreen.xib in Resources */ = {isa = PBXBuildFile; fileRef = 280FC5211D8FA695007F7166 /* LaunchScreen.xib */; };
		280FC52F1D8FA695007F7166 /* PlayGroundTests.swift in Sources */ = {isa = PBXBuildFile; fileRef = 280FC52E1D8FA695007F7166 /* PlayGroundTests.swift */; };
/* End PBXBuildFile section */

/* Begin PBXContainerItemProxy section */
		280FC5291D8FA695007F7166 /* PBXContainerItemProxy */ = {
			isa = PBXContainerItemProxy;
			containerPortal = 280FC5081D8FA695007F7166 /* Project object */;
			proxyType = 1;
			remoteGlobalIDString = 280FC50F1D8FA695007F7166;
			remoteInfo = PlayGround;
		};
/* End PBXContainerItemProxy section */

/* Begin PBXFileReference section */
		280FC5101D8FA695007F7166 /* PlayGround.app */ = {isa = PBXFileReference; explicitFileType = wrapper.application; includeInIndex = 0; path = PlayGround.app; sourceTree = BUILT_PRODUCTS_DIR; };
		280FC5141D8FA695007F7166 /* Info.plist */ = {isa = PBXFileReference; lastKnownFileType = text.plist.xml; path = Info.plist; sourceTree = "<group>"; };
		280FC5151D8FA695007F7166 /* AppDelegate.swift */ = {isa = PBXFileReference; lastKnownFileType = sourcecode.swift; path = AppDelegate.swift; sourceTree = "<group>"; };
		280FC5181D8FA695007F7166 /* PlayGround.xcdatamodel */ = {isa = PBXFileReference; lastKnownFileType = wrapper.xcdatamodel; path = PlayGround.xcdatamodel; sourceTree = "<group>"; };
		280FC51A1D8FA695007F7166 /* ViewController.swift */ = {isa = PBXFileReference; lastKnownFileType = sourcecode.swift; path = ViewController.swift; sourceTree = "<group>"; };
		280FC51D1D8FA695007F7166 /* Base */ = {isa = PBXFileReference; lastKnownFileType = file.storyboard; name = Base; path = Base.lproj/Main.storyboard; sourceTree = "<group>"; };
		280FC51F1D8FA695007F7166 /* Images.xcassets */ = {isa = PBXFileReference; lastKnownFileType = folder.assetcatalog; path = Images.xcassets; sourceTree = "<group>"; };
		280FC5221D8FA695007F7166 /* Base */ = {isa = PBXFileReference; lastKnownFileType = file.xib; name = Base; path = Base.lproj/LaunchScreen.xib; sourceTree = "<group>"; };
		280FC5281D8FA695007F7166 /* PlayGroundTests.xctest */ = {isa = PBXFileReference; explicitFileType = wrapper.cfbundle; includeInIndex = 0; path = PlayGroundTests.xctest; sourceTree = BUILT_PRODUCTS_DIR; };
		280FC52D1D8FA695007F7166 /* Info.plist */ = {isa = PBXFileReference; lastKnownFileType = text.plist.xml; path = Info.plist; sourceTree = "<group>"; };
		280FC52E1D8FA695007F7166 /* PlayGroundTests.swift */ = {isa = PBXFileReference; lastKnownFileType = sourcecode.swift; path = PlayGroundTests.swift; sourceTree = "<group>"; };
/* End PBXFileReference section */

/* Begin PBXFrameworksBuildPhase section */
		280FC50D1D8FA695007F7166 /* Frameworks */ = {
			isa = PBXFrameworksBuildPhase;
			buildActionMask = 2147483647;
			files = (
			);
			runOnlyForDeploymentPostprocessing = 0;
		};
		280FC5251D8FA695007F7166 /* Frameworks */ = {
			isa = PBXFrameworksBuildPhase;
			buildActionMask = 2147483647;
			files = (
			);
			runOnlyForDeploymentPostprocessing = 0;
		};
/* End PBXFrameworksBuildPhase section */

/* Begin PBXGroup section */
		280FC5071D8FA695007F7166 = {
			isa = PBXGroup;
			children = (
				280FC5121D8FA695007F7166 /* PlayGround */,
				280FC52B1D8FA695007F7166 /* PlayGroundTests */,
				280FC5111D8FA695007F7166 /* Products */,
			);
			sourceTree = "<group>";
		};
		280FC5111D8FA695007F7166 /* Products */ = {
			isa = PBXGroup;
			children = (
				280FC5101D8FA695007F7166 /* PlayGround.app */,
				280FC5281D8FA695007F7166 /* PlayGroundTests.xctest */,
			);
			name = Products;
			sourceTree = "<group>";
		};
		280FC5121D8FA695007F7166 /* PlayGround */ = {
			isa = PBXGroup;
			children = (
				280FC5151D8FA695007F7166 /* AppDelegate.swift */,
				280FC51A1D8FA695007F7166 /* ViewController.swift */,
				280FC51C1D8FA695007F7166 /* Main.storyboard */,
				280FC51F1D8FA695007F7166 /* Images.xcassets */,
				280FC5211D8FA695007F7166 /* LaunchScreen.xib */,
				280FC5171D8FA695007F7166 /* PlayGround.xcdatamodeld */,
				280FC5131D8FA695007F7166 /* Supporting Files */,
			);
			path = PlayGround;
			sourceTree = "<group>";
		};
		280FC5131D8FA695007F7166 /* Supporting Files */ = {
			isa = PBXGroup;
			children = (
				280FC5141D8FA695007F7166 /* Info.plist */,
			);
			name = "Supporting Files";
			sourceTree = "<group>";
		};
		280FC52B1D8FA695007F7166 /* PlayGroundTests */ = {
			isa = PBXGroup;
			children = (
				280FC52E1D8FA695007F7166 /* PlayGroundTests.swift */,
				280FC52C1D8FA695007F7166 /* Supporting Files */,
			);
			path = PlayGroundTests;
			sourceTree = "<group>";
		};
		280FC52C1D8FA695007F7166 /* Supporting Files */ = {
			isa = PBXGroup;
			children = (
				280FC52D1D8FA695007F7166 /* Info.plist */,
			);
			name = "Supporting Files";
			sourceTree = "<group>";
		};
/* End PBXGroup section */

/* Begin PBXNativeTarget section */
		280FC50F1D8FA695007F7166 /* PlayGround */ = {
			isa = PBXNativeTarget;
			buildConfigurationList = 280FC5321D8FA695007F7166 /* Build configuration list for PBXNativeTarget "PlayGround" */;
			buildPhases = (
				280FC50C1D8FA695007F7166 /* Sources */,
				280FC50D1D8FA695007F7166 /* Frameworks */,
				280FC50E1D8FA695007F7166 /* Resources */,
			);
			buildRules = (
			);
			dependencies = (
			);
			name = PlayGround;
			productName = PlayGround;
			productReference = 280FC5101D8FA695007F7166 /* PlayGround.app */;
			productType = "com.apple.product-type.application";
		};
		280FC5271D8FA695007F7166 /* PlayGroundTests */ = {
			isa = PBXNativeTarget;
			buildConfigurationList = 280FC5351D8FA695007F7166 /* Build configuration list for PBXNativeTarget "PlayGroundTests" */;
			buildPhases = (
				280FC5241D8FA695007F7166 /* Sources */,
				280FC5251D8FA695007F7166 /* Frameworks */,
				280FC5261D8FA695007F7166 /* Resources */,
			);
			buildRules = (
			);
			dependencies = (
				280FC52A1D8FA695007F7166 /* PBXTargetDependency */,
			);
			name = PlayGroundTests;
			productName = PlayGroundTests;
			productReference = 280FC5281D8FA695007F7166 /* PlayGroundTests.xctest */;
			productType = "com.apple.product-type.bundle.unit-test";
		};
/* End PBXNativeTarget section */

/* Begin PBXProject section */
		280FC5081D8FA695007F7166 /* Project object */ = {
			isa = PBXProject;
			attributes = {
				LastUpgradeCheck = 0640;
				ORGANIZATIONNAME = "Martin Tromblee";
				TargetAttributes = {
					280FC50F1D8FA695007F7166 = {
						CreatedOnToolsVersion = 6.4;
					};
					280FC5271D8FA695007F7166 = {
						CreatedOnToolsVersion = 6.4;
						TestTargetID = 280FC50F1D8FA695007F7166;
					};
				};
			};
			buildConfigurationList = 280FC50B1D8FA695007F7166 /* Build configuration list for PBXProject "PlayGround" */;
			compatibilityVersion = "Xcode 3.2";
			developmentRegion = English;
			hasScannedForEncodings = 0;
			knownRegions = (
				en,
				Base,
			);
			mainGroup = 280FC5071D8FA695007F7166;
			productRefGroup = 280FC5111D8FA695007F7166 /* Products */;
			projectDirPath = "";
			projectRoot = "";
			targets = (
				280FC50F1D8FA695007F7166 /* PlayGround */,
				280FC5271D8FA695007F7166 /* PlayGroundTests */,
			);
		};
/* End PBXProject section */

/* Begin PBXResourcesBuildPhase section */
		280FC50E1D8FA695007F7166 /* Resources */ = {
			isa = PBXResourcesBuildPhase;
			buildActionMask = 2147483647;
			files = (
				280FC51E1D8FA695007F7166 /* Main.storyboard in Resources */,
				280FC5231D8FA695007F7166 /* LaunchScreen.xib in Resources */,
				280FC5201D8FA695007F7166 /* Images.xcassets in Resources */,
			);
			runOnlyForDeploymentPostprocessing = 0;
		};
		280FC5261D8FA695007F7166 /* Resources */ = {
			isa = PBXResourcesBuildPhase;
			buildActionMask = 2147483647;
			files = (
			);
			runOnlyForDeploymentPostprocessing = 0;
		};
/* End PBXResourcesBuildPhase section */

/* Begin PBXSourcesBuildPhase section */
		280FC50C1D8FA695007F7166 /* Sources */ = {
			isa = PBXSourcesBuildPhase;
			buildActionMask = 2147483647;
			files = (
				280FC51B1D8FA695007F7166 /* ViewController.swift in Sources */,
				280FC5191D8FA695007F7166 /* PlayGround.xcdatamodeld in Sources */,
				280FC5161D8FA695007F7166 /* AppDelegate.swift in Sources */,
			);
			runOnlyForDeploymentPostprocessing = 0;
		};
		280FC5241D8FA695007F7166 /* Sources */ = {
			isa = PBXSourcesBuildPhase;
			buildActionMask = 2147483647;
			files = (
				280FC52F1D8FA695007F7166 /* PlayGroundTests.swift in Sources */,
			);
			runOnlyForDeploymentPostprocessing = 0;
		};
/* End PBXSourcesBuildPhase section */

/* Begin PBXTargetDependency section */
		280FC52A1D8FA695007F7166 /* PBXTargetDependency */ = {
			isa = PBXTargetDependency;
			target = 280FC50F1D8FA695007F7166 /* PlayGround */;
			targetProxy = 280FC5291D8FA695007F7166 /* PBXContainerItemProxy */;
		};
/* End PBXTargetDependency section */

/* Begin PBXVariantGroup section */
		280FC51C1D8FA695007F7166 /* Main.storyboard */ = {
			isa = PBXVariantGroup;
			children = (
				280FC51D1D8FA695007F7166 /* Base */,
			);
			name = Main.storyboard;
			sourceTree = "<group>";
		};
		280FC5211D8FA695007F7166 /* LaunchScreen.xib */ = {
			isa = PBXVariantGroup;
			children = (
				280FC5221D8FA695007F7166 /* Base */,
			);
			name = LaunchScreen.xib;
			sourceTree = "<group>";
		};
/* End PBXVariantGroup section */

/* Begin XCBuildConfiguration section */
		280FC5301D8FA695007F7166 /* Debug */ = {
			isa = XCBuildConfiguration;
			buildSettings = {
				ALWAYS_SEARCH_USER_PATHS = NO;
				CLANG_CXX_LANGUAGE_STANDARD = "gnu++0x";
				CLANG_CXX_LIBRARY = "libc++";
				CLANG_ENABLE_MODULES = YES;
				CLANG_ENABLE_OBJC_ARC = YES;
				CLANG_WARN_BOOL_CONVERSION = YES;
				CLANG_WARN_CONSTANT_CONVERSION = YES;
				CLANG_WARN_DIRECT_OBJC_ISA_USAGE = YES_ERROR;
				CLANG_WARN_EMPTY_BODY = YES;
				CLANG_WARN_ENUM_CONVERSION = YES;
				CLANG_WARN_INT_CONVERSION = YES;
				CLANG_WARN_OBJC_ROOT_CLASS = YES_ERROR;
				CLANG_WARN_UNREACHABLE_CODE = YES;
				CLANG_WARN__DUPLICATE_METHOD_MATCH = YES;
				"CODE_SIGN_IDENTITY[sdk=iphoneos*]" = "iPhone Developer";
				COPY_PHASE_STRIP = NO;
				DEBUG_INFORMATION_FORMAT = "dwarf-with-dsym";
				ENABLE_STRICT_OBJC_MSGSEND = YES;
				GCC_C_LANGUAGE_STANDARD = gnu99;
				GCC_DYNAMIC_NO_PIC = NO;
				GCC_NO_COMMON_BLOCKS = YES;
				GCC_OPTIMIZATION_LEVEL = 0;
				GCC_PREPROCESSOR_DEFINITIONS = (
					"DEBUG=1",
					"$(inherited)",
				);
				GCC_SYMBOLS_PRIVATE_EXTERN = NO;
				GCC_WARN_64_TO_32_BIT_CONVERSION = YES;
				GCC_WARN_ABOUT_RETURN_TYPE = YES_ERROR;
				GCC_WARN_UNDECLARED_SELECTOR = YES;
				GCC_WARN_UNINITIALIZED_AUTOS = YES_AGGRESSIVE;
				GCC_WARN_UNUSED_FUNCTION = YES;
				GCC_WARN_UNUSED_VARIABLE = YES;
				IPHONEOS_DEPLOYMENT_TARGET = 8.4;
				MTL_ENABLE_DEBUG_INFO = YES;
				ONLY_ACTIVE_ARCH = YES;
				SDKROOT = iphoneos;
				SWIFT_OPTIMIZATION_LEVEL = "-Onone";
				TARGETED_DEVICE_FAMILY = "1,2";
			};
			name = Debug;
		};
		280FC5311D8FA695007F7166 /* Release */ = {
			isa = XCBuildConfiguration;
			buildSettings = {
				ALWAYS_SEARCH_USER_PATHS = NO;
				CLANG_CXX_LANGUAGE_STANDARD = "gnu++0x";
				CLANG_CXX_LIBRARY = "libc++";
				CLANG_ENABLE_MODULES = YES;
				CLANG_ENABLE_OBJC_ARC = YES;
				CLANG_WARN_BOOL_CONVERSION = YES;
				CLANG_WARN_CONSTANT_CONVERSION = YES;
				CLANG_WARN_DIRECT_OBJC_ISA_USAGE = YES_ERROR;
				CLANG_WARN_EMPTY_BODY = YES;
				CLANG_WARN_ENUM_CONVERSION = YES;
				CLANG_WARN_INT_CONVERSION = YES;
				CLANG_WARN_OBJC_ROOT_CLASS = YES_ERROR;
				CLANG_WARN_UNREACHABLE_CODE = YES;
				CLANG_WARN__DUPLICATE_METHOD_MATCH = YES;
				"CODE_SIGN_IDENTITY[sdk=iphoneos*]" = "iPhone Developer";
				COPY_PHASE_STRIP = NO;
				DEBUG_INFORMATION_FORMAT = "dwarf-with-dsym";
				ENABLE_NS_ASSERTIONS = NO;
				ENABLE_STRICT_OBJC_MSGSEND = YES;
				GCC_C_LANGUAGE_STANDARD = gnu99;
				GCC_NO_COMMON_BLOCKS = YES;
				GCC_WARN_64_TO_32_BIT_CONVERSION = YES;
				GCC_WARN_ABOUT_RETURN_TYPE = YES_ERROR;
				GCC_WARN_UNDECLARED_SELECTOR = YES;
				GCC_WARN_UNINITIALIZED_AUTOS = YES_AGGRESSIVE;
				GCC_WARN_UNUSED_FUNCTION = YES;
				GCC_WARN_UNUSED_VARIABLE = YES;
				IPHONEOS_DEPLOYMENT_TARGET = 8.4;
				MTL_ENABLE_DEBUG_INFO = NO;
				SDKROOT = iphoneos;
				TARGETED_DEVICE_FAMILY = "1,2";
				VALIDATE_PRODUCT = YES;
			};
			name = Release;
		};
		280FC5331D8FA695007F7166 /* Debug */ = {
			isa = XCBuildConfiguration;
			buildSettings = {
				ASSETCATALOG_COMPILER_APPICON_NAME = AppIcon;
				INFOPLIST_FILE = PlayGround/Info.plist;
				LD_RUNPATH_SEARCH_PATHS = "$(inherited) @executable_path/Frameworks";
				PRODUCT_NAME = "$(TARGET_NAME)";
			};
			name = Debug;
		};
		280FC5341D8FA695007F7166 /* Release */ = {
			isa = XCBuildConfiguration;
			buildSettings = {
				ASSETCATALOG_COMPILER_APPICON_NAME = AppIcon;
				INFOPLIST_FILE = PlayGround/Info.plist;
				LD_RUNPATH_SEARCH_PATHS = "$(inherited) @executable_path/Frameworks";
				PRODUCT_NAME = "$(TARGET_NAME)";
			};
			name = Release;
		};
		280FC5361D8FA695007F7166 /* Debug */ = {
			isa = XCBuildConfiguration;
			buildSettings = {
				BUNDLE_LOADER = "$(TEST_HOST)";
				FRAMEWORK_SEARCH_PATHS = (
					"$(SDKROOT)/Developer/Library/Frameworks",
					"$(inherited)",
				);
				GCC_PREPROCESSOR_DEFINITIONS = (
					"DEBUG=1",
					"$(inherited)",
				);
				INFOPLIST_FILE = PlayGroundTests/Info.plist;
				LD_RUNPATH_SEARCH_PATHS = "$(inherited) @executable_path/Frameworks @loader_path/Frameworks";
				PRODUCT_NAME = "$(TARGET_NAME)";
				TEST_HOST = "$(BUILT_PRODUCTS_DIR)/PlayGround.app/PlayGround";
			};
			name = Debug;
		};
		280FC5371D8FA695007F7166 /* Release */ = {
			isa = XCBuildConfiguration;
			buildSettings = {
				BUNDLE_LOADER = "$(TEST_HOST)";
				FRAMEWORK_SEARCH_PATHS = (
					"$(SDKROOT)/Developer/Library/Frameworks",
					"$(inherited)",
				);
				INFOPLIST_FILE = PlayGroundTests/Info.plist;
				LD_RUNPATH_SEARCH_PATHS = "$(inherited) @executable_path/Frameworks @loader_path/Frameworks";
				PRODUCT_NAME = "$(TARGET_NAME)";
				TEST_HOST = "$(BUILT_PRODUCTS_DIR)/PlayGround.app/PlayGround";
			};
			name = Release;
		};
/* End XCBuildConfiguration section */

/* Begin XCConfigurationList section */
		280FC50B1D8FA695007F7166 /* Build configuration list for PBXProject "PlayGround" */ = {
			isa = XCConfigurationList;
			buildConfigurations = (
				280FC5301D8FA695007F7166 /* Debug */,
				280FC5311D8FA695007F7166 /* Release */,
			);
			defaultConfigurationIsVisible = 0;
			defaultConfigurationName = Release;
		};
		280FC5321D8FA695007F7166 /* Build configuration list for PBXNativeTarget "PlayGround" */ = {
			isa = XCConfigurationList;
			buildConfigurations = (
				280FC5331D8FA695007F7166 /* Debug */,
				280FC5341D8FA695007F7166 /* Release */,
			);
			defaultConfigurationIsVisible = 0;
		};
		280FC5351D8FA695007F7166 /* Build configuration list for PBXNativeTarget "PlayGroundTests" */ = {
			isa = XCConfigurationList;
			buildConfigurations = (
				280FC5361D8FA695007F7166 /* Debug */,
				280FC5371D8FA695007F7166 /* Release */,
			);
			defaultConfigurationIsVisible = 0;
		};
/* End XCConfigurationList section */

/* Begin XCVersionGroup section */
		280FC5171D8FA695007F7166 /* PlayGround.xcdatamodeld */ = {
			isa = XCVersionGroup;
			children = (
				280FC5181D8FA695007F7166 /* PlayGround.xcdatamodel */,
			);
			currentVersion = 280FC5181D8FA695007F7166 /* PlayGround.xcdatamodel */;
			path = PlayGround.xcdatamodeld;
			sourceTree = "<group>";
			versionGroupType = wrapper.xcdatamodel;
		};
/* End XCVersionGroup section */
	};
	rootObject = 280FC5081D8FA695007F7166 /* Project object */;
}
